
Microsoft Visual Studio Solution File, Format Version 12.00
# Visual Studio Version 17
VisualStudioVersion = 17.0.32014.148
MinimumVisualStudioVersion = 10.0.40219.1
Project("{FAE04EC0-301F-11D3-BF4B-00C04F79EFBC}") = "ASPNETSample", "ASPNETSample\ASPNETSample.csproj", "{328D2189-4363-4647-9D2E-0BD51198D646}"
EndProject
Global
	GlobalSection(SolutionConfigurationPlatforms) = preSolution
		Debug|Any CPU = Debug|Any CPU
		Release|Any CPU = Release|Any CPU
	EndGlobalSection
	GlobalSection(ProjectConfigurationPlatforms) = postSolution
		{328D2189-4363-4647-9D2E-0BD51198D646}.Debug|Any CPU.ActiveCfg = Debug|Any CPU
		{328D2189-4363-4647-9D2E-0BD51198D646}.Debug|Any CPU.Build.0 = Debug|Any CPU
		{328D2189-4363-4647-9D2E-0BD51198D646}.Release|Any CPU.ActiveCfg = Release|Any CPU
		{328D2189-4363-4647-9D2E-0BD51198D646}.Release|Any CPU.Build.0 = Release|Any CPU
	EndGlobalSection
	GlobalSection(SolutionProperties) = preSolution
		HideSolutionNode = FALSE
	EndGlobalSection
	GlobalSection(ExtensibilityGlobals) = postSolution
		SolutionGuid = {549F4AE2-70A9-4E4E-BFFC-DEF699E16675}
	EndGlobalSection
EndGlobal
